
Microsoft Visual Studio Solution File, Format Version 12.00
# Visual Studio Version 16
VisualStudioVersion = 16.0.30503.244
MinimumVisualStudioVersion = 10.0.40219.1
Project("{FAE04EC0-301F-11D3-BF4B-00C04F79EFBC}") = "InstallmentsSystem", "InstallmentsSystem\InstallmentsSystem.csproj", "{4C54A991-A7D2-49A6-B09F-EFA7C4AB3B1E}"
EndProject
Global
	GlobalSection(SolutionConfigurationPlatforms) = preSolution
		Debug|Any CPU = Debug|Any CPU
		Release|Any CPU = Release|Any CPU
	EndGlobalSection
	GlobalSection(ProjectConfigurationPlatforms) = postSolution
		{4C54A991-A7D2-49A6-B09F-EFA7C4AB3B1E}.Debug|Any CPU.ActiveCfg = Debug|Any CPU
		{4C54A991-A7D2-49A6-B09F-EFA7C4AB3B1E}.Debug|Any CPU.Build.0 = Debug|Any CPU
		{4C54A991-A7D2-49A6-B09F-EFA7C4AB3B1E}.Release|Any CPU.ActiveCfg = Release|Any CPU
		{4C54A991-A7D2-49A6-B09F-EFA7C4AB3B1E}.Release|Any CPU.Build.0 = Release|Any CPU
	EndGlobalSection
	GlobalSection(SolutionProperties) = preSolution
		HideSolutionNode = FALSE
	EndGlobalSection
	GlobalSection(ExtensibilityGlobals) = postSolution
		SolutionGuid = {448D656D-A131-4B2F-AEE9-96805A031C78}
	EndGlobalSection
EndGlobal
